
Microsoft Visual Studio Solution File, Format Version 12.00
# Visual Studio Version 17
VisualStudioVersion = 17.4.33122.133
MinimumVisualStudioVersion = 10.0.40219.1
Project("{9A19103F-16F7-4668-BE54-9A1E7A4F7556}") = "Yurt.Entites", "Yurt.Entites\Yurt.Entites.csproj", "{5127D3F8-F692-49F3-93BE-430FE2491285}"
EndProject
Project("{9A19103F-16F7-4668-BE54-9A1E7A4F7556}") = "Yurt.DAL", "Yurt.DAL\Yurt.DAL.csproj", "{A564888E-0122-44BE-9E78-19D6BDCAD41A}"
EndProject
Project("{9A19103F-16F7-4668-BE54-9A1E7A4F7556}") = "Yurt.BL", "Yurt.BL\Yurt.BL.csproj", "{5461B8E0-D0B4-4CF3-89A6-393341745493}"
EndProject
Project("{9A19103F-16F7-4668-BE54-9A1E7A4F7556}") = "Yurt.WebUI", "Yurt.WebUI\Yurt.WebUI.csproj", "{FD10EBE2-BE74-40AB-B280-7A87D7EE3538}"
EndProject
Project("{2150E333-8FDC-42A3-9474-1A3956D46DE8}") = "Documents", "Documents", "{A6158B21-63EF-4C02-814A-18E3E368F420}"
	ProjectSection(SolutionItems) = preProject
		Proje.txt = Proje.txt
	EndProjectSection
EndProject
Global
	GlobalSection(SolutionConfigurationPlatforms) = preSolution
		Debug|Any CPU = Debug|Any CPU
		Release|Any CPU = Release|Any CPU
	EndGlobalSection
	GlobalSection(ProjectConfigurationPlatforms) = postSolution
		{5127D3F8-F692-49F3-93BE-430FE2491285}.Debug|Any CPU.ActiveCfg = Debug|Any CPU
		{5127D3F8-F692-49F3-93BE-430FE2491285}.Debug|Any CPU.Build.0 = Debug|Any CPU
		{5127D3F8-F692-49F3-93BE-430FE2491285}.Release|Any CPU.ActiveCfg = Release|Any CPU
		{5127D3F8-F692-49F3-93BE-430FE2491285}.Release|Any CPU.Build.0 = Release|Any CPU
		{A564888E-0122-44BE-9E78-19D6BDCAD41A}.Debug|Any CPU.ActiveCfg = Debug|Any CPU
		{A564888E-0122-44BE-9E78-19D6BDCAD41A}.Debug|Any CPU.Build.0 = Debug|Any CPU
		{A564888E-0122-44BE-9E78-19D6BDCAD41A}.Release|Any CPU.ActiveCfg = Release|Any CPU
		{A564888E-0122-44BE-9E78-19D6BDCAD41A}.Release|Any CPU.Build.0 = Release|Any CPU
		{5461B8E0-D0B4-4CF3-89A6-393341745493}.Debug|Any CPU.ActiveCfg = Debug|Any CPU
		{5461B8E0-D0B4-4CF3-89A6-393341745493}.Debug|Any CPU.Build.0 = Debug|Any CPU
		{5461B8E0-D0B4-4CF3-89A6-393341745493}.Release|Any CPU.ActiveCfg = Release|Any CPU
		{5461B8E0-D0B4-4CF3-89A6-393341745493}.Release|Any CPU.Build.0 = Release|Any CPU
		{FD10EBE2-BE74-40AB-B280-7A87D7EE3538}.Debug|Any CPU.ActiveCfg = Debug|Any CPU
		{FD10EBE2-BE74-40AB-B280-7A87D7EE3538}.Debug|Any CPU.Build.0 = Debug|Any CPU
		{FD10EBE2-BE74-40AB-B280-7A87D7EE3538}.Release|Any CPU.ActiveCfg = Release|Any CPU
		{FD10EBE2-BE74-40AB-B280-7A87D7EE3538}.Release|Any CPU.Build.0 = Release|Any CPU
	EndGlobalSection
	GlobalSection(SolutionProperties) = preSolution
		HideSolutionNode = FALSE
	EndGlobalSection
	GlobalSection(ExtensibilityGlobals) = postSolution
		SolutionGuid = {37D8503C-53B8-4F9D-BD18-70AAB43DE2DF}
	EndGlobalSection
EndGlobal
